
Microsoft Visual Studio Solution File, Format Version 12.00
# Visual Studio Version 17
VisualStudioVersion = 17.13.35931.197 d17.13
MinimumVisualStudioVersion = 10.0.40219.1
Project("{FAE04EC0-301F-11D3-BF4B-00C04F79EFBC}") = "TestTC", "TestTC\TestTC.csproj", "{DD1EAE2B-9F6B-45AD-9F17-F2F6D3BBE15C}"
EndProject
Project("{FAE04EC0-301F-11D3-BF4B-00C04F79EFBC}") = "UnitTestTC", "UnitTestTC\UnitTestTC.csproj", "{2AD098DD-651F-4C84-ADD8-F96C6CDBE7F7}"
EndProject
Global
	GlobalSection(SolutionConfigurationPlatforms) = preSolution
		Debug|Any CPU = Debug|Any CPU
		Release|Any CPU = Release|Any CPU
	EndGlobalSection
	GlobalSection(ProjectConfigurationPlatforms) = postSolution
		{DD1EAE2B-9F6B-45AD-9F17-F2F6D3BBE15C}.Debug|Any CPU.ActiveCfg = Debug|Any CPU
		{DD1EAE2B-9F6B-45AD-9F17-F2F6D3BBE15C}.Debug|Any CPU.Build.0 = Debug|Any CPU
		{DD1EAE2B-9F6B-45AD-9F17-F2F6D3BBE15C}.Release|Any CPU.ActiveCfg = Release|Any CPU
		{DD1EAE2B-9F6B-45AD-9F17-F2F6D3BBE15C}.Release|Any CPU.Build.0 = Release|Any CPU
		{2AD098DD-651F-4C84-ADD8-F96C6CDBE7F7}.Debug|Any CPU.ActiveCfg = Debug|Any CPU
		{2AD098DD-651F-4C84-ADD8-F96C6CDBE7F7}.Debug|Any CPU.Build.0 = Debug|Any CPU
		{2AD098DD-651F-4C84-ADD8-F96C6CDBE7F7}.Release|Any CPU.ActiveCfg = Release|Any CPU
		{2AD098DD-651F-4C84-ADD8-F96C6CDBE7F7}.Release|Any CPU.Build.0 = Release|Any CPU
	EndGlobalSection
	GlobalSection(SolutionProperties) = preSolution
		HideSolutionNode = FALSE
	EndGlobalSection
	GlobalSection(ExtensibilityGlobals) = postSolution
		SolutionGuid = {54612CD7-D981-4E3B-A6F3-B63CA192310F}
	EndGlobalSection
EndGlobal
